
Microsoft Visual Studio Solution File, Format Version 12.00
# Visual Studio 15
VisualStudioVersion = 15.0.27703.2042
MinimumVisualStudioVersion = 10.0.40219.1
Project("{FAE04EC0-301F-11D3-BF4B-00C04F79EFBC}") = "ReativeEventDemo.Android", "ReativeEventDemo\ReativeEventDemo.Android\ReativeEventDemo.Android.csproj", "{274708D0-3AF6-4B3D-8A46-424E42AA678A}"
EndProject
Project("{FAE04EC0-301F-11D3-BF4B-00C04F79EFBC}") = "ReativeEventDemo.iOS", "ReativeEventDemo\ReativeEventDemo.iOS\ReativeEventDemo.iOS.csproj", "{70ADB7C8-2047-4B7A-B24A-90BE6E028AB0}"
EndProject
Project("{FAE04EC0-301F-11D3-BF4B-00C04F79EFBC}") = "ReativeEventDemo.UWP", "ReativeEventDemo\ReativeEventDemo.UWP\ReativeEventDemo.UWP.csproj", "{B460386B-57AC-4C04-9EDE-8AC1CA890EA6}"
EndProject
Project("{FAE04EC0-301F-11D3-BF4B-00C04F79EFBC}") = "ReativeEventDemo", "ReativeEventDemo\ReativeEventDemo\ReativeEventDemo.csproj", "{1BF18E99-C72A-42DC-86A4-CA2AB2057FAB}"
EndProject
Global
	GlobalSection(SolutionConfigurationPlatforms) = preSolution
		Ad-Hoc|Any CPU = Ad-Hoc|Any CPU
		Ad-Hoc|ARM = Ad-Hoc|ARM
		Ad-Hoc|iPhone = Ad-Hoc|iPhone
		Ad-Hoc|iPhoneSimulator = Ad-Hoc|iPhoneSimulator
		Ad-Hoc|x64 = Ad-Hoc|x64
		Ad-Hoc|x86 = Ad-Hoc|x86
		AppStore|Any CPU = AppStore|Any CPU
		AppStore|ARM = AppStore|ARM
		AppStore|iPhone = AppStore|iPhone
		AppStore|iPhoneSimulator = AppStore|iPhoneSimulator
		AppStore|x64 = AppStore|x64
		AppStore|x86 = AppStore|x86
		Debug|Any CPU = Debug|Any CPU
		Debug|ARM = Debug|ARM
		Debug|iPhone = Debug|iPhone
		Debug|iPhoneSimulator = Debug|iPhoneSimulator
		Debug|x64 = Debug|x64
		Debug|x86 = Debug|x86
		Release|Any CPU = Release|Any CPU
		Release|ARM = Release|ARM
		Release|iPhone = Release|iPhone
		Release|iPhoneSimulator = Release|iPhoneSimulator
		Release|x64 = Release|x64
		Release|x86 = Release|x86
	EndGlobalSection
	GlobalSection(ProjectConfigurationPlatforms) = postSolution
		{274708D0-3AF6-4B3D-8A46-424E42AA678A}.Ad-Hoc|Any CPU.ActiveCfg = Release|Any CPU
		{274708D0-3AF6-4B3D-8A46-424E42AA678A}.Ad-Hoc|Any CPU.Build.0 = Release|Any CPU
		{274708D0-3AF6-4B3D-8A46-424E42AA678A}.Ad-Hoc|Any CPU.Deploy.0 = Release|Any CPU
		{274708D0-3AF6-4B3D-8A46-424E42AA678A}.Ad-Hoc|ARM.ActiveCfg = Release|Any CPU
		{274708D0-3AF6-4B3D-8A46-424E42AA678A}.Ad-Hoc|ARM.Build.0 = Release|Any CPU
		{274708D0-3AF6-4B3D-8A46-424E42AA678A}.Ad-Hoc|ARM.Deploy.0 = Release|Any CPU
		{274708D0-3AF6-4B3D-8A46-424E42AA678A}.Ad-Hoc|iPhone.ActiveCfg = Release|Any CPU
		{274708D0-3AF6-4B3D-8A46-424E42AA678A}.Ad-Hoc|iPhone.Build.0 = Release|Any CPU
		{274708D0-3AF6-4B3D-8A46-424E42AA678A}.Ad-Hoc|iPhone.Deploy.0 = Release|Any CPU
		{274708D0-3AF6-4B3D-8A46-424E42AA678A}.Ad-Hoc|iPhoneSimulator.ActiveCfg = Release|Any CPU
		{274708D0-3AF6-4B3D-8A46-424E42AA678A}.Ad-Hoc|iPhoneSimulator.Build.0 = Release|Any CPU
		{274708D0-3AF6-4B3D-8A46-424E42AA678A}.Ad-Hoc|iPhoneSimulator.Deploy.0 = Release|Any CPU
		{274708D0-3AF6-4B3D-8A46-424E42AA678A}.Ad-Hoc|x64.ActiveCfg = Release|Any CPU
		{274708D0-3AF6-4B3D-8A46-424E42AA678A}.Ad-Hoc|x64.Build.0 = Release|Any CPU
		{274708D0-3AF6-4B3D-8A46-424E42AA678A}.Ad-Hoc|x64.Deploy.0 = Release|Any CPU
		{274708D0-3AF6-4B3D-8A46-424E42AA678A}.Ad-Hoc|x86.ActiveCfg = Release|Any CPU
		{274708D0-3AF6-4B3D-8A46-424E42AA678A}.Ad-Hoc|x86.Build.0 = Release|Any CPU
		{274708D0-3AF6-4B3D-8A46-424E42AA678A}.Ad-Hoc|x86.Deploy.0 = Release|Any CPU
		{274708D0-3AF6-4B3D-8A46-424E42AA678A}.AppStore|Any CPU.ActiveCfg = Release|Any CPU
		{274708D0-3AF6-4B3D-8A46-424E42AA678A}.AppStore|Any CPU.Build.0 = Release|Any CPU
		{274708D0-3AF6-4B3D-8A46-424E42AA678A}.AppStore|Any CPU.Deploy.0 = Release|Any CPU
		{274708D0-3AF6-4B3D-8A46-424E42AA678A}.AppStore|ARM.ActiveCfg = Release|Any CPU
		{274708D0-3AF6-4B3D-8A46-424E42AA678A}.AppStore|ARM.Build.0 = Release|Any CPU
		{274708D0-3AF6-4B3D-8A46-424E42AA678A}.AppStore|ARM.Deploy.0 = Release|Any CPU
		{274708D0-3AF6-4B3D-8A46-424E42AA678A}.AppStore|iPhone.ActiveCfg = Release|Any CPU
		{274708D0-3AF6-4B3D-8A46-424E42AA678A}.AppStore|iPhone.Build.0 = Release|Any CPU
		{274708D0-3AF6-4B3D-8A46-424E42AA678A}.AppStore|iPhone.Deploy.0 = Release|Any CPU
		{274708D0-3AF6-4B3D-8A46-424E42AA678A}.AppStore|iPhoneSimulator.ActiveCfg = Release|Any CPU
		{274708D0-3AF6-4B3D-8A46-424E42AA678A}.AppStore|iPhoneSimulator.Build.0 = Release|Any CPU
		{274708D0-3AF6-4B3D-8A46-424E42AA678A}.AppStore|iPhoneSimulator.Deploy.0 = Release|Any CPU
		{274708D0-3AF6-4B3D-8A46-424E42AA678A}.AppStore|x64.ActiveCfg = Release|Any CPU
		{274708D0-3AF6-4B3D-8A46-424E42AA678A}.AppStore|x64.Build.0 = Release|Any CPU
		{274708D0-3AF6-4B3D-8A46-424E42AA678A}.AppStore|x64.Deploy.0 = Release|Any CPU
		{274708D0-3AF6-4B3D-8A46-424E42AA678A}.AppStore|x86.ActiveCfg = Release|Any CPU
		{274708D0-3AF6-4B3D-8A46-424E42AA678A}.AppStore|x86.Build.0 = Release|Any CPU
		{274708D0-3AF6-4B3D-8A46-424E42AA678A}.AppStore|x86.Deploy.0 = Release|Any CPU
		{274708D0-3AF6-4B3D-8A46-424E42AA678A}.Debug|Any CPU.ActiveCfg = Debug|Any CPU
		{274708D0-3AF6-4B3D-8A46-424E42AA678A}.Debug|Any CPU.Build.0 = Debug|Any CPU
		{274708D0-3AF6-4B3D-8A46-424E42AA678A}.Debug|Any CPU.Deploy.0 = Debug|Any CPU
		{274708D0-3AF6-4B3D-8A46-424E42AA678A}.Debug|ARM.ActiveCfg = Debug|Any CPU
		{274708D0-3AF6-4B3D-8A46-424E42AA678A}.Debug|ARM.Build.0 = Debug|Any CPU
		{274708D0-3AF6-4B3D-8A46-424E42AA678A}.Debug|ARM.Deploy.0 = Debug|Any CPU
		{274708D0-3AF6-4B3D-8A46-424E42AA678A}.Debug|iPhone.ActiveCfg = Debug|Any CPU
		{274708D0-3AF6-4B3D-8A46-424E42AA678A}.Debug|iPhone.Build.0 = Debug|Any CPU
		{274708D0-3AF6-4B3D-8A46-424E42AA678A}.Debug|iPhone.Deploy.0 = Debug|Any CPU
		{274708D0-3AF6-4B3D-8A46-424E42AA678A}.Debug|iPhoneSimulator.ActiveCfg = Debug|Any CPU
		{274708D0-3AF6-4B3D-8A46-424E42AA678A}.Debug|iPhoneSimulator.Build.0 = Debug|Any CPU
		{274708D0-3AF6-4B3D-8A46-424E42AA678A}.Debug|iPhoneSimulator.Deploy.0 = Debug|Any CPU
		{274708D0-3AF6-4B3D-8A46-424E42AA678A}.Debug|x64.ActiveCfg = Debug|Any CPU
		{274708D0-3AF6-4B3D-8A46-424E42AA678A}.Debug|x64.Build.0 = Debug|Any CPU
		{274708D0-3AF6-4B3D-8A46-424E42AA678A}.Debug|x64.Deploy.0 = Debug|Any CPU
		{274708D0-3AF6-4B3D-8A46-424E42AA678A}.Debug|x86.ActiveCfg = Debug|Any CPU
		{274708D0-3AF6-4B3D-8A46-424E42AA678A}.Debug|x86.Build.0 = Debug|Any CPU
		{274708D0-3AF6-4B3D-8A46-424E42AA678A}.Debug|x86.Deploy.0 = Debug|Any CPU
		{274708D0-3AF6-4B3D-8A46-424E42AA678A}.Release|Any CPU.ActiveCfg = Release|Any CPU
		{274708D0-3AF6-4B3D-8A46-424E42AA678A}.Release|Any CPU.Build.0 = Release|Any CPU
		{274708D0-3AF6-4B3D-8A46-424E42AA678A}.Release|Any CPU.Deploy.0 = Release|Any CPU
		{274708D0-3AF6-4B3D-8A46-424E42AA678A}.Release|ARM.ActiveCfg = Release|Any CPU
		{274708D0-3AF6-4B3D-8A46-424E42AA678A}.Release|ARM.Build.0 = Release|Any CPU
		{274708D0-3AF6-4B3D-8A46-424E42AA678A}.Release|ARM.Deploy.0 = Release|Any CPU
		{274708D0-3AF6-4B3D-8A46-424E42AA678A}.Release|iPhone.ActiveCfg = Release|Any CPU
		{274708D0-3AF6-4B3D-8A46-424E42AA678A}.Release|iPhone.Build.0 = Release|Any CPU
		{274708D0-3AF6-4B3D-8A46-424E42AA678A}.Release|iPhone.Deploy.0 = Release|Any CPU
		{274708D0-3AF6-4B3D-8A46-424E42AA678A}.Release|iPhoneSimulator.ActiveCfg = Release|Any CPU
		{274708D0-3AF6-4B3D-8A46-424E42AA678A}.Release|iPhoneSimulator.Build.0 = Release|Any CPU
		{274708D0-3AF6-4B3D-8A46-424E42AA678A}.Release|iPhoneSimulator.Deploy.0 = Release|Any CPU
		{274708D0-3AF6-4B3D-8A46-424E42AA678A}.Release|x64.ActiveCfg = Release|Any CPU
		{274708D0-3AF6-4B3D-8A46-424E42AA678A}.Release|x64.Build.0 = Release|Any CPU
		{274708D0-3AF6-4B3D-8A46-424E42AA678A}.Release|x64.Deploy.0 = Release|Any CPU
		{274708D0-3AF6-4B3D-8A46-424E42AA678A}.Release|x86.ActiveCfg = Release|Any CPU
		{274708D0-3AF6-4B3D-8A46-424E42AA678A}.Release|x86.Build.0 = Release|Any CPU
		{274708D0-3AF6-4B3D-8A46-424E42AA678A}.Release|x86.Deploy.0 = Release|Any CPU
		{70ADB7C8-2047-4B7A-B24A-90BE6E028AB0}.Ad-Hoc|Any CPU.ActiveCfg = Ad-Hoc|iPhone
		{70ADB7C8-2047-4B7A-B24A-90BE6E028AB0}.Ad-Hoc|Any CPU.Build.0 = Ad-Hoc|iPhone
		{70ADB7C8-2047-4B7A-B24A-90BE6E028AB0}.Ad-Hoc|Any CPU.Deploy.0 = Ad-Hoc|iPhone
		{70ADB7C8-2047-4B7A-B24A-90BE6E028AB0}.Ad-Hoc|ARM.ActiveCfg = Ad-Hoc|iPhone
		{70ADB7C8-2047-4B7A-B24A-90BE6E028AB0}.Ad-Hoc|ARM.Build.0 = Ad-Hoc|iPhone
		{70ADB7C8-2047-4B7A-B24A-90BE6E028AB0}.Ad-Hoc|ARM.Deploy.0 = Ad-Hoc|iPhone
		{70ADB7C8-2047-4B7A-B24A-90BE6E028AB0}.Ad-Hoc|iPhone.ActiveCfg = Ad-Hoc|iPhone
		{70ADB7C8-2047-4B7A-B24A-90BE6E028AB0}.Ad-Hoc|iPhone.Build.0 = Ad-Hoc|iPhone
		{70ADB7C8-2047-4B7A-B24A-90BE6E028AB0}.Ad-Hoc|iPhone.Deploy.0 = Ad-Hoc|iPhone
		{70ADB7C8-2047-4B7A-B24A-90BE6E028AB0}.Ad-Hoc|iPhoneSimulator.ActiveCfg = Ad-Hoc|iPhoneSimulator
		{70ADB7C8-2047-4B7A-B24A-90BE6E028AB0}.Ad-Hoc|iPhoneSimulator.Build.0 = Ad-Hoc|iPhoneSimulator
		{70ADB7C8-2047-4B7A-B24A-90BE6E028AB0}.Ad-Hoc|iPhoneSimulator.Deploy.0 = Ad-Hoc|iPhoneSimulator
		{70ADB7C8-2047-4B7A-B24A-90BE6E028AB0}.Ad-Hoc|x64.ActiveCfg = Ad-Hoc|iPhone
		{70ADB7C8-2047-4B7A-B24A-90BE6E028AB0}.Ad-Hoc|x64.Build.0 = Ad-Hoc|iPhone
		{70ADB7C8-2047-4B7A-B24A-90BE6E028AB0}.Ad-Hoc|x64.Deploy.0 = Ad-Hoc|iPhone
		{70ADB7C8-2047-4B7A-B24A-90BE6E028AB0}.Ad-Hoc|x86.ActiveCfg = Ad-Hoc|iPhone
		{70ADB7C8-2047-4B7A-B24A-90BE6E028AB0}.Ad-Hoc|x86.Build.0 = Ad-Hoc|iPhone
		{70ADB7C8-2047-4B7A-B24A-90BE6E028AB0}.Ad-Hoc|x86.Deploy.0 = Ad-Hoc|iPhone
		{70ADB7C8-2047-4B7A-B24A-90BE6E028AB0}.AppStore|Any CPU.ActiveCfg = AppStore|iPhone
		{70ADB7C8-2047-4B7A-B24A-90BE6E028AB0}.AppStore|Any CPU.Build.0 = AppStore|iPhone
		{70ADB7C8-2047-4B7A-B24A-90BE6E028AB0}.AppStore|Any CPU.Deploy.0 = AppStore|iPhone
		{70ADB7C8-2047-4B7A-B24A-90BE6E028AB0}.AppStore|ARM.ActiveCfg = AppStore|iPhone
		{70ADB7C8-2047-4B7A-B24A-90BE6E028AB0}.AppStore|ARM.Build.0 = AppStore|iPhone
		{70ADB7C8-2047-4B7A-B24A-90BE6E028AB0}.AppStore|ARM.Deploy.0 = AppStore|iPhone
		{70ADB7C8-2047-4B7A-B24A-90BE6E028AB0}.AppStore|iPhone.ActiveCfg = AppStore|iPhone
		{70ADB7C8-2047-4B7A-B24A-90BE6E028AB0}.AppStore|iPhone.Build.0 = AppStore|iPhone
		{70ADB7C8-2047-4B7A-B24A-90BE6E028AB0}.AppStore|iPhone.Deploy.0 = AppStore|iPhone
		{70ADB7C8-2047-4B7A-B24A-90BE6E028AB0}.AppStore|iPhoneSimulator.ActiveCfg = AppStore|iPhoneSimulator
		{70ADB7C8-2047-4B7A-B24A-90BE6E028AB0}.AppStore|iPhoneSimulator.Build.0 = AppStore|iPhoneSimulator
		{70ADB7C8-2047-4B7A-B24A-90BE6E028AB0}.AppStore|iPhoneSimulator.Deploy.0 = AppStore|iPhoneSimulator
		{70ADB7C8-2047-4B7A-B24A-90BE6E028AB0}.AppStore|x64.ActiveCfg = AppStore|iPhone
		{70ADB7C8-2047-4B7A-B24A-90BE6E028AB0}.AppStore|x64.Build.0 = AppStore|iPhone
		{70ADB7C8-2047-4B7A-B24A-90BE6E028AB0}.AppStore|x64.Deploy.0 = AppStore|iPhone
		{70ADB7C8-2047-4B7A-B24A-90BE6E028AB0}.AppStore|x86.ActiveCfg = AppStore|iPhone
		{70ADB7C8-2047-4B7A-B24A-90BE6E028AB0}.AppStore|x86.Build.0 = AppStore|iPhone
		{70ADB7C8-2047-4B7A-B24A-90BE6E028AB0}.AppStore|x86.Deploy.0 = AppStore|iPhone
		{70ADB7C8-2047-4B7A-B24A-90BE6E028AB0}.Debug|Any CPU.ActiveCfg = Debug|iPhoneSimulator
		{70ADB7C8-2047-4B7A-B24A-90BE6E028AB0}.Debug|Any CPU.Build.0 = Debug|iPhoneSimulator
		{70ADB7C8-2047-4B7A-B24A-90BE6E028AB0}.Debug|Any CPU.Deploy.0 = Debug|iPhoneSimulator
		{70ADB7C8-2047-4B7A-B24A-90BE6E028AB0}.Debug|ARM.ActiveCfg = Debug|iPhone
		{70ADB7C8-2047-4B7A-B24A-90BE6E028AB0}.Debug|ARM.Build.0 = Debug|iPhone
		{70ADB7C8-2047-4B7A-B24A-90BE6E028AB0}.Debug|ARM.Deploy.0 = Debug|iPhone
		{70ADB7C8-2047-4B7A-B24A-90BE6E028AB0}.Debug|iPhone.ActiveCfg = Debug|iPhone
		{70ADB7C8-2047-4B7A-B24A-90BE6E028AB0}.Debug|iPhone.Build.0 = Debug|iPhone
		{70ADB7C8-2047-4B7A-B24A-90BE6E028AB0}.Debug|iPhone.Deploy.0 = Debug|iPhone
		{70ADB7C8-2047-4B7A-B24A-90BE6E028AB0}.Debug|iPhoneSimulator.ActiveCfg = Debug|iPhoneSimulator
		{70ADB7C8-2047-4B7A-B24A-90BE6E028AB0}.Debug|iPhoneSimulator.Build.0 = Debug|iPhoneSimulator
		{70ADB7C8-2047-4B7A-B24A-90BE6E028AB0}.Debug|iPhoneSimulator.Deploy.0 = Debug|iPhoneSimulator
		{70ADB7C8-2047-4B7A-B24A-90BE6E028AB0}.Debug|x64.ActiveCfg = Debug|iPhone
		{70ADB7C8-2047-4B7A-B24A-90BE6E028AB0}.Debug|x64.Build.0 = Debug|iPhone
		{70ADB7C8-2047-4B7A-B24A-90BE6E028AB0}.Debug|x64.Deploy.0 = Debug|iPhone
		{70ADB7C8-2047-4B7A-B24A-90BE6E028AB0}.Debug|x86.ActiveCfg = Debug|iPhone
		{70ADB7C8-2047-4B7A-B24A-90BE6E028AB0}.Debug|x86.Build.0 = Debug|iPhone
		{70ADB7C8-2047-4B7A-B24A-90BE6E028AB0}.Debug|x86.Deploy.0 = Debug|iPhone
		{70ADB7C8-2047-4B7A-B24A-90BE6E028AB0}.Release|Any CPU.ActiveCfg = Release|iPhone
		{70ADB7C8-2047-4B7A-B24A-90BE6E028AB0}.Release|Any CPU.Build.0 = Release|iPhone
		{70ADB7C8-2047-4B7A-B24A-90BE6E028AB0}.Release|Any CPU.Deploy.0 = Release|iPhone
		{70ADB7C8-2047-4B7A-B24A-90BE6E028AB0}.Release|ARM.ActiveCfg = Release|iPhone
		{70ADB7C8-2047-4B7A-B24A-90BE6E028AB0}.Release|ARM.Build.0 = Release|iPhone
		{70ADB7C8-2047-4B7A-B24A-90BE6E028AB0}.Release|ARM.Deploy.0 = Release|iPhone
		{70ADB7C8-2047-4B7A-B24A-90BE6E028AB0}.Release|iPhone.ActiveCfg = Release|iPhone
		{70ADB7C8-2047-4B7A-B24A-90BE6E028AB0}.Release|iPhone.Build.0 = Release|iPhone
		{70ADB7C8-2047-4B7A-B24A-90BE6E028AB0}.Release|iPhone.Deploy.0 = Release|iPhone
		{70ADB7C8-2047-4B7A-B24A-90BE6E028AB0}.Release|iPhoneSimulator.ActiveCfg = Release|iPhoneSimulator
		{70ADB7C8-2047-4B7A-B24A-90BE6E028AB0}.Release|iPhoneSimulator.Build.0 = Release|iPhoneSimulator
		{70ADB7C8-2047-4B7A-B24A-90BE6E028AB0}.Release|iPhoneSimulator.Deploy.0 = Release|iPhoneSimulator
		{70ADB7C8-2047-4B7A-B24A-90BE6E028AB0}.Release|x64.ActiveCfg = Release|iPhone
		{70ADB7C8-2047-4B7A-B24A-90BE6E028AB0}.Release|x64.Build.0 = Release|iPhone
		{70ADB7C8-2047-4B7A-B24A-90BE6E028AB0}.Release|x64.Deploy.0 = Release|iPhone
		{70ADB7C8-2047-4B7A-B24A-90BE6E028AB0}.Release|x86.ActiveCfg = Release|iPhone
		{70ADB7C8-2047-4B7A-B24A-90BE6E028AB0}.Release|x86.Build.0 = Release|iPhone
		{70ADB7C8-2047-4B7A-B24A-90BE6E028AB0}.Release|x86.Deploy.0 = Release|iPhone
		{B460386B-57AC-4C04-9EDE-8AC1CA890EA6}.Ad-Hoc|Any CPU.ActiveCfg = Release|x86
		{B460386B-57AC-4C04-9EDE-8AC1CA890EA6}.Ad-Hoc|Any CPU.Build.0 = Release|x86
		{B460386B-57AC-4C04-9EDE-8AC1CA890EA6}.Ad-Hoc|Any CPU.Deploy.0 = Release|x86
		{B460386B-57AC-4C04-9EDE-8AC1CA890EA6}.Ad-Hoc|ARM.ActiveCfg = Release|ARM
		{B460386B-57AC-4C04-9EDE-8AC1CA890EA6}.Ad-Hoc|ARM.Build.0 = Release|ARM
		{B460386B-57AC-4C04-9EDE-8AC1CA890EA6}.Ad-Hoc|ARM.Deploy.0 = Release|ARM
		{B460386B-57AC-4C04-9EDE-8AC1CA890EA6}.Ad-Hoc|iPhone.ActiveCfg = Release|x86
		{B460386B-57AC-4C04-9EDE-8AC1CA890EA6}.Ad-Hoc|iPhone.Build.0 = Release|x86
		{B460386B-57AC-4C04-9EDE-8AC1CA890EA6}.Ad-Hoc|iPhone.Deploy.0 = Release|x86
		{B460386B-57AC-4C04-9EDE-8AC1CA890EA6}.Ad-Hoc|iPhoneSimulator.ActiveCfg = Release|x86
		{B460386B-57AC-4C04-9EDE-8AC1CA890EA6}.Ad-Hoc|iPhoneSimulator.Build.0 = Release|x86
		{B460386B-57AC-4C04-9EDE-8AC1CA890EA6}.Ad-Hoc|iPhoneSimulator.Deploy.0 = Release|x86
		{B460386B-57AC-4C04-9EDE-8AC1CA890EA6}.Ad-Hoc|x64.ActiveCfg = Release|x64
		{B460386B-57AC-4C04-9EDE-8AC1CA890EA6}.Ad-Hoc|x64.Build.0 = Release|x64
		{B460386B-57AC-4C04-9EDE-8AC1CA890EA6}.Ad-Hoc|x64.Deploy.0 = Release|x64
		{B460386B-57AC-4C04-9EDE-8AC1CA890EA6}.Ad-Hoc|x86.ActiveCfg = Release|x86
		{B460386B-57AC-4C04-9EDE-8AC1CA890EA6}.Ad-Hoc|x86.Build.0 = Release|x86
		{B460386B-57AC-4C04-9EDE-8AC1CA890EA6}.Ad-Hoc|x86.Deploy.0 = Release|x86
		{B460386B-57AC-4C04-9EDE-8AC1CA890EA6}.AppStore|Any CPU.ActiveCfg = Release|x86
		{B460386B-57AC-4C04-9EDE-8AC1CA890EA6}.AppStore|Any CPU.Build.0 = Release|x86
		{B460386B-57AC-4C04-9EDE-8AC1CA890EA6}.AppStore|Any CPU.Deploy.0 = Release|x86
		{B460386B-57AC-4C04-9EDE-8AC1CA890EA6}.AppStore|ARM.ActiveCfg = Release|ARM
		{B460386B-57AC-4C04-9EDE-8AC1CA890EA6}.AppStore|ARM.Build.0 = Release|ARM
		{B460386B-57AC-4C04-9EDE-8AC1CA890EA6}.AppStore|ARM.Deploy.0 = Release|ARM
		{B460386B-57AC-4C04-9EDE-8AC1CA890EA6}.AppStore|iPhone.ActiveCfg = Release|x86
		{B460386B-57AC-4C04-9EDE-8AC1CA890EA6}.AppStore|iPhone.Build.0 = Release|x86
		{B460386B-57AC-4C04-9EDE-8AC1CA890EA6}.AppStore|iPhone.Deploy.0 = Release|x86
		{B460386B-57AC-4C04-9EDE-8AC1CA890EA6}.AppStore|iPhoneSimulator.ActiveCfg = Release|x86
		{B460386B-57AC-4C04-9EDE-8AC1CA890EA6}.AppStore|iPhoneSimulator.Build.0 = Release|x86
		{B460386B-57AC-4C04-9EDE-8AC1CA890EA6}.AppStore|iPhoneSimulator.Deploy.0 = Release|x86
		{B460386B-57AC-4C04-9EDE-8AC1CA890EA6}.AppStore|x64.ActiveCfg = Release|x64
		{B460386B-57AC-4C04-9EDE-8AC1CA890EA6}.AppStore|x64.Build.0 = Release|x64
		{B460386B-57AC-4C04-9EDE-8AC1CA890EA6}.AppStore|x64.Deploy.0 = Release|x64
		{B460386B-57AC-4C04-9EDE-8AC1CA890EA6}.AppStore|x86.ActiveCfg = Release|x86
		{B460386B-57AC-4C04-9EDE-8AC1CA890EA6}.AppStore|x86.Build.0 = Release|x86
		{B460386B-57AC-4C04-9EDE-8AC1CA890EA6}.AppStore|x86.Deploy.0 = Release|x86
		{B460386B-57AC-4C04-9EDE-8AC1CA890EA6}.Debug|Any CPU.ActiveCfg = Debug|x86
		{B460386B-57AC-4C04-9EDE-8AC1CA890EA6}.Debug|Any CPU.Build.0 = Debug|x86
		{B460386B-57AC-4C04-9EDE-8AC1CA890EA6}.Debug|Any CPU.Deploy.0 = Debug|x86
		{B460386B-57AC-4C04-9EDE-8AC1CA890EA6}.Debug|ARM.ActiveCfg = Debug|ARM
		{B460386B-57AC-4C04-9EDE-8AC1CA890EA6}.Debug|ARM.Build.0 = Debug|ARM
		{B460386B-57AC-4C04-9EDE-8AC1CA890EA6}.Debug|ARM.Deploy.0 = Debug|ARM
		{B460386B-57AC-4C04-9EDE-8AC1CA890EA6}.Debug|iPhone.ActiveCfg = Debug|x86
		{B460386B-57AC-4C04-9EDE-8AC1CA890EA6}.Debug|iPhone.Build.0 = Debug|x86
		{B460386B-57AC-4C04-9EDE-8AC1CA890EA6}.Debug|iPhone.Deploy.0 = Debug|x86
		{B460386B-57AC-4C04-9EDE-8AC1CA890EA6}.Debug|iPhoneSimulator.ActiveCfg = Debug|x86
		{B460386B-57AC-4C04-9EDE-8AC1CA890EA6}.Debug|iPhoneSimulator.Build.0 = Debug|x86
		{B460386B-57AC-4C04-9EDE-8AC1CA890EA6}.Debug|iPhoneSimulator.Deploy.0 = Debug|x86
		{B460386B-57AC-4C04-9EDE-8AC1CA890EA6}.Debug|x64.ActiveCfg = Debug|x64
		{B460386B-57AC-4C04-9EDE-8AC1CA890EA6}.Debug|x64.Build.0 = Debug|x64
		{B460386B-57AC-4C04-9EDE-8AC1CA890EA6}.Debug|x64.Deploy.0 = Debug|x64
		{B460386B-57AC-4C04-9EDE-8AC1CA890EA6}.Debug|x86.ActiveCfg = Debug|x86
		{B460386B-57AC-4C04-9EDE-8AC1CA890EA6}.Debug|x86.Build.0 = Debug|x86
		{B460386B-57AC-4C04-9EDE-8AC1CA890EA6}.Debug|x86.Deploy.0 = Debug|x86
		{B460386B-57AC-4C04-9EDE-8AC1CA890EA6}.Release|Any CPU.ActiveCfg = Release|x86
		{B460386B-57AC-4C04-9EDE-8AC1CA890EA6}.Release|Any CPU.Build.0 = Release|x86
		{B460386B-57AC-4C04-9EDE-8AC1CA890EA6}.Release|Any CPU.Deploy.0 = Release|x86
		{B460386B-57AC-4C04-9EDE-8AC1CA890EA6}.Release|ARM.ActiveCfg = Release|ARM
		{B460386B-57AC-4C04-9EDE-8AC1CA890EA6}.Release|ARM.Build.0 = Release|ARM
		{B460386B-57AC-4C04-9EDE-8AC1CA890EA6}.Release|ARM.Deploy.0 = Release|ARM
		{B460386B-57AC-4C04-9EDE-8AC1CA890EA6}.Release|iPhone.ActiveCfg = Release|x86
		{B460386B-57AC-4C04-9EDE-8AC1CA890EA6}.Release|iPhone.Build.0 = Release|x86
		{B460386B-57AC-4C04-9EDE-8AC1CA890EA6}.Release|iPhone.Deploy.0 = Release|x86
		{B460386B-57AC-4C04-9EDE-8AC1CA890EA6}.Release|iPhoneSimulator.ActiveCfg = Release|x86
		{B460386B-57AC-4C04-9EDE-8AC1CA890EA6}.Release|iPhoneSimulator.Build.0 = Release|x86
		{B460386B-57AC-4C04-9EDE-8AC1CA890EA6}.Release|iPhoneSimulator.Deploy.0 = Release|x86
		{B460386B-57AC-4C04-9EDE-8AC1CA890EA6}.Release|x64.ActiveCfg = Release|x64
		{B460386B-57AC-4C04-9EDE-8AC1CA890EA6}.Release|x64.Build.0 = Release|x64
		{B460386B-57AC-4C04-9EDE-8AC1CA890EA6}.Release|x64.Deploy.0 = Release|x64
		{B460386B-57AC-4C04-9EDE-8AC1CA890EA6}.Release|x86.ActiveCfg = Release|x86
		{B460386B-57AC-4C04-9EDE-8AC1CA890EA6}.Release|x86.Build.0 = Release|x86
		{B460386B-57AC-4C04-9EDE-8AC1CA890EA6}.Release|x86.Deploy.0 = Release|x86
		{1BF18E99-C72A-42DC-86A4-CA2AB2057FAB}.Ad-Hoc|Any CPU.ActiveCfg = Debug|Any CPU
		{1BF18E99-C72A-42DC-86A4-CA2AB2057FAB}.Ad-Hoc|Any CPU.Build.0 = Debug|Any CPU
		{1BF18E99-C72A-42DC-86A4-CA2AB2057FAB}.Ad-Hoc|Any CPU.Deploy.0 = Debug|Any CPU
		{1BF18E99-C72A-42DC-86A4-CA2AB2057FAB}.Ad-Hoc|ARM.ActiveCfg = Debug|Any CPU
		{1BF18E99-C72A-42DC-86A4-CA2AB2057FAB}.Ad-Hoc|ARM.Build.0 = Debug|Any CPU
		{1BF18E99-C72A-42DC-86A4-CA2AB2057FAB}.Ad-Hoc|ARM.Deploy.0 = Debug|Any CPU
		{1BF18E99-C72A-42DC-86A4-CA2AB2057FAB}.Ad-Hoc|iPhone.ActiveCfg = Debug|Any CPU
		{1BF18E99-C72A-42DC-86A4-CA2AB2057FAB}.Ad-Hoc|iPhone.Build.0 = Debug|Any CPU
		{1BF18E99-C72A-42DC-86A4-CA2AB2057FAB}.Ad-Hoc|iPhone.Deploy.0 = Debug|Any CPU
		{1BF18E99-C72A-42DC-86A4-CA2AB2057FAB}.Ad-Hoc|iPhoneSimulator.ActiveCfg = Debug|Any CPU
		{1BF18E99-C72A-42DC-86A4-CA2AB2057FAB}.Ad-Hoc|iPhoneSimulator.Build.0 = Debug|Any CPU
		{1BF18E99-C72A-42DC-86A4-CA2AB2057FAB}.Ad-Hoc|iPhoneSimulator.Deploy.0 = Debug|Any CPU
		{1BF18E99-C72A-42DC-86A4-CA2AB2057FAB}.Ad-Hoc|x64.ActiveCfg = Debug|Any CPU
		{1BF18E99-C72A-42DC-86A4-CA2AB2057FAB}.Ad-Hoc|x64.Build.0 = Debug|Any CPU
		{1BF18E99-C72A-42DC-86A4-CA2AB2057FAB}.Ad-Hoc|x64.Deploy.0 = Debug|Any CPU
		{1BF18E99-C72A-42DC-86A4-CA2AB2057FAB}.Ad-Hoc|x86.ActiveCfg = Debug|Any CPU
		{1BF18E99-C72A-42DC-86A4-CA2AB2057FAB}.Ad-Hoc|x86.Build.0 = Debug|Any CPU
		{1BF18E99-C72A-42DC-86A4-CA2AB2057FAB}.Ad-Hoc|x86.Deploy.0 = Debug|Any CPU
		{1BF18E99-C72A-42DC-86A4-CA2AB2057FAB}.AppStore|Any CPU.ActiveCfg = Debug|Any CPU
		{1BF18E99-C72A-42DC-86A4-CA2AB2057FAB}.AppStore|Any CPU.Build.0 = Debug|Any CPU
		{1BF18E99-C72A-42DC-86A4-CA2AB2057FAB}.AppStore|Any CPU.Deploy.0 = Debug|Any CPU
		{1BF18E99-C72A-42DC-86A4-CA2AB2057FAB}.AppStore|ARM.ActiveCfg = Debug|Any CPU
		{1BF18E99-C72A-42DC-86A4-CA2AB2057FAB}.AppStore|ARM.Build.0 = Debug|Any CPU
		{1BF18E99-C72A-42DC-86A4-CA2AB2057FAB}.AppStore|ARM.Deploy.0 = Debug|Any CPU
		{1BF18E99-C72A-42DC-86A4-CA2AB2057FAB}.AppStore|iPhone.ActiveCfg = Debug|Any CPU
		{1BF18E99-C72A-42DC-86A4-CA2AB2057FAB}.AppStore|iPhone.Build.0 = Debug|Any CPU
		{1BF18E99-C72A-42DC-86A4-CA2AB2057FAB}.AppStore|iPhone.Deploy.0 = Debug|Any CPU
		{1BF18E99-C72A-42DC-86A4-CA2AB2057FAB}.AppStore|iPhoneSimulator.ActiveCfg = Debug|Any CPU
		{1BF18E99-C72A-42DC-86A4-CA2AB2057FAB}.AppStore|iPhoneSimulator.Build.0 = Debug|Any CPU
		{1BF18E99-C72A-42DC-86A4-CA2AB2057FAB}.AppStore|iPhoneSimulator.Deploy.0 = Debug|Any CPU
		{1BF18E99-C72A-42DC-86A4-CA2AB2057FAB}.AppStore|x64.ActiveCfg = Debug|Any CPU
		{1BF18E99-C72A-42DC-86A4-CA2AB2057FAB}.AppStore|x64.Build.0 = Debug|Any CPU
		{1BF18E99-C72A-42DC-86A4-CA2AB2057FAB}.AppStore|x64.Deploy.0 = Debug|Any CPU
		{1BF18E99-C72A-42DC-86A4-CA2AB2057FAB}.AppStore|x86.ActiveCfg = Debug|Any CPU
		{1BF18E99-C72A-42DC-86A4-CA2AB2057FAB}.AppStore|x86.Build.0 = Debug|Any CPU
		{1BF18E99-C72A-42DC-86A4-CA2AB2057FAB}.AppStore|x86.Deploy.0 = Debug|Any CPU
		{1BF18E99-C72A-42DC-86A4-CA2AB2057FAB}.Debug|Any CPU.ActiveCfg = Debug|Any CPU
		{1BF18E99-C72A-42DC-86A4-CA2AB2057FAB}.Debug|Any CPU.Build.0 = Debug|Any CPU
		{1BF18E99-C72A-42DC-86A4-CA2AB2057FAB}.Debug|Any CPU.Deploy.0 = Debug|Any CPU
		{1BF18E99-C72A-42DC-86A4-CA2AB2057FAB}.Debug|ARM.ActiveCfg = Debug|Any CPU
		{1BF18E99-C72A-42DC-86A4-CA2AB2057FAB}.Debug|ARM.Build.0 = Debug|Any CPU
		{1BF18E99-C72A-42DC-86A4-CA2AB2057FAB}.Debug|ARM.Deploy.0 = Debug|Any CPU
		{1BF18E99-C72A-42DC-86A4-CA2AB2057FAB}.Debug|iPhone.ActiveCfg = Debug|Any CPU
		{1BF18E99-C72A-42DC-86A4-CA2AB2057FAB}.Debug|iPhone.Build.0 = Debug|Any CPU
		{1BF18E99-C72A-42DC-86A4-CA2AB2057FAB}.Debug|iPhone.Deploy.0 = Debug|Any CPU
		{1BF18E99-C72A-42DC-86A4-CA2AB2057FAB}.Debug|iPhoneSimulator.ActiveCfg = Debug|Any CPU
		{1BF18E99-C72A-42DC-86A4-CA2AB2057FAB}.Debug|iPhoneSimulator.Build.0 = Debug|Any CPU
		{1BF18E99-C72A-42DC-86A4-CA2AB2057FAB}.Debug|iPhoneSimulator.Deploy.0 = Debug|Any CPU
		{1BF18E99-C72A-42DC-86A4-CA2AB2057FAB}.Debug|x64.ActiveCfg = Debug|Any CPU
		{1BF18E99-C72A-42DC-86A4-CA2AB2057FAB}.Debug|x64.Build.0 = Debug|Any CPU
		{1BF18E99-C72A-42DC-86A4-CA2AB2057FAB}.Debug|x64.Deploy.0 = Debug|Any CPU
		{1BF18E99-C72A-42DC-86A4-CA2AB2057FAB}.Debug|x86.ActiveCfg = Debug|Any CPU
		{1BF18E99-C72A-42DC-86A4-CA2AB2057FAB}.Debug|x86.Build.0 = Debug|Any CPU
		{1BF18E99-C72A-42DC-86A4-CA2AB2057FAB}.Debug|x86.Deploy.0 = Debug|Any CPU
		{1BF18E99-C72A-42DC-86A4-CA2AB2057FAB}.Release|Any CPU.ActiveCfg = Release|Any CPU
		{1BF18E99-C72A-42DC-86A4-CA2AB2057FAB}.Release|Any CPU.Build.0 = Release|Any CPU
		{1BF18E99-C72A-42DC-86A4-CA2AB2057FAB}.Release|Any CPU.Deploy.0 = Release|Any CPU
		{1BF18E99-C72A-42DC-86A4-CA2AB2057FAB}.Release|ARM.ActiveCfg = Release|Any CPU
		{1BF18E99-C72A-42DC-86A4-CA2AB2057FAB}.Release|ARM.Build.0 = Release|Any CPU
		{1BF18E99-C72A-42DC-86A4-CA2AB2057FAB}.Release|ARM.Deploy.0 = Release|Any CPU
		{1BF18E99-C72A-42DC-86A4-CA2AB2057FAB}.Release|iPhone.ActiveCfg = Release|Any CPU
		{1BF18E99-C72A-42DC-86A4-CA2AB2057FAB}.Release|iPhone.Build.0 = Release|Any CPU
		{1BF18E99-C72A-42DC-86A4-CA2AB2057FAB}.Release|iPhone.Deploy.0 = Release|Any CPU
		{1BF18E99-C72A-42DC-86A4-CA2AB2057FAB}.Release|iPhoneSimulator.ActiveCfg = Release|Any CPU
		{1BF18E99-C72A-42DC-86A4-CA2AB2057FAB}.Release|iPhoneSimulator.Build.0 = Release|Any CPU
		{1BF18E99-C72A-42DC-86A4-CA2AB2057FAB}.Release|iPhoneSimulator.Deploy.0 = Release|Any CPU
		{1BF18E99-C72A-42DC-86A4-CA2AB2057FAB}.Release|x64.ActiveCfg = Release|Any CPU
		{1BF18E99-C72A-42DC-86A4-CA2AB2057FAB}.Release|x64.Build.0 = Release|Any CPU
		{1BF18E99-C72A-42DC-86A4-CA2AB2057FAB}.Release|x64.Deploy.0 = Release|Any CPU
		{1BF18E99-C72A-42DC-86A4-CA2AB2057FAB}.Release|x86.ActiveCfg = Release|Any CPU
		{1BF18E99-C72A-42DC-86A4-CA2AB2057FAB}.Release|x86.Build.0 = Release|Any CPU
		{1BF18E99-C72A-42DC-86A4-CA2AB2057FAB}.Release|x86.Deploy.0 = Release|Any CPU
	EndGlobalSection
	GlobalSection(SolutionProperties) = preSolution
		HideSolutionNode = FALSE
	EndGlobalSection
	GlobalSection(ExtensibilityGlobals) = postSolution
		SolutionGuid = {EC2B35EB-FFF9-462F-8F0B-6610FEC7E278}
	EndGlobalSection
EndGlobal
